version: 6
environments:
  default:
    channels:
      - url: https://conda.anaconda.org/conda-forge/
    options:
      pypi-prerelease-mode: if-necessary-or-explicit
    packages:
      osx-arm64:
        - conda: https://conda.anaconda.org/conda-forge/noarch/ca-certificates-2026.2.25-hbd8a1cb_0.conda
        - conda: https://conda.anaconda.org/conda-forge/osx-arm64/icu-78.3-hef89b57_0.conda
        - conda: https://conda.anaconda.org/conda-forge/osx-arm64/libcxx-22.1.3-h55c6f16_0.conda
        - conda: https://conda.anaconda.org/conda-forge/osx-arm64/libuv-1.51.0-h6caf38d_1.conda
        - conda: https://conda.anaconda.org/conda-forge/osx-arm64/libzlib-1.3.2-h8088a28_2.conda
        - conda: https://conda.anaconda.org/conda-forge/osx-arm64/nodejs-22.22.2-h2e6c367_0.conda
        - conda: https://conda.anaconda.org/conda-forge/osx-arm64/openssl-3.6.2-hd24854e_0.conda
packages:
  - conda: https://conda.anaconda.org/conda-forge/noarch/ca-certificates-2026.2.25-hbd8a1cb_0.conda
    sha256: 67cc7101b36421c5913a1687ef1b99f85b5d6868da3abbf6ec1a4181e79782fc
    md5: 4492fd26db29495f0ba23f146cd5638d
    depends:
      - __unix
    license: ISC
    size: 147413
    timestamp: 1772006283803
  - conda: https://conda.anaconda.org/conda-forge/osx-arm64/icu-78.3-hef89b57_0.conda
    sha256: 3a7907a17e9937d3a46dfd41cffaf815abad59a569440d1e25177c15fd0684e5
    md5: f1182c91c0de31a7abd40cedf6a5ebef
    depends:
      - __osx >=11.0
    license: MIT
    license_family: MIT
    size: 12361647
    timestamp: 1773822915649
  - conda: https://conda.anaconda.org/conda-forge/osx-arm64/libcxx-22.1.3-h55c6f16_0.conda
    sha256: 34cc56c627b01928e49731bcfe92338e440ab6b5952feee8f1dd16570b8b8339
    md5: acbb3f547c4aae16b19e417db0c6e5ed
    depends:
      - __osx >=11.0
    license: Apache-2.0 WITH LLVM-exception
    license_family: Apache
    size: 570026
    timestamp: 1775565121045
  - conda: https://conda.anaconda.org/conda-forge/osx-arm64/libuv-1.51.0-h6caf38d_1.conda
    sha256: 042c7488ad97a5629ec0a991a8b2a3345599401ecc75ad6a5af73b60e6db9689
    md5: c0d87c3c8e075daf1daf6c31b53e8083
    depends:
      - __osx >=11.0
    license: MIT
    license_family: MIT
    size: 421195
    timestamp: 1753948426421
  - conda: https://conda.anaconda.org/conda-forge/osx-arm64/libzlib-1.3.2-h8088a28_2.conda
    sha256: 361415a698514b19a852f5d1123c5da746d4642139904156ddfca7c922d23a05
    md5: bc5a5721b6439f2f62a84f2548136082
    depends:
      - __osx >=11.0
    constrains:
      - zlib 1.3.2 *_2
    license: Zlib
    license_family: Other
    size: 47759
    timestamp: 1774072956767
  - conda: https://conda.anaconda.org/conda-forge/osx-arm64/nodejs-22.22.2-h2e6c367_0.conda
    sha256: 2e8b09512a2a6a196c632c3b4c51d29cf90127b5e08e165448d22eb636ca9931
    md5: 898ab7075e4194872ee28742645de9ea
    depends:
      - __osx >=11.0
      - libcxx >=19
      - libuv >=1.51.0,<2.0a0
      - libzlib >=1.3.2,<2.0a0
      - openssl >=3.5.5,<4.0a0
      - icu >=78.3,<79.0a0
    license: MIT
    license_family: MIT
    size: 16675444
    timestamp: 1774518175001
  - conda: https://conda.anaconda.org/conda-forge/osx-arm64/openssl-3.6.2-hd24854e_0.conda
    sha256: c91bf510c130a1ea1b6ff023e28bac0ccaef869446acd805e2016f69ebdc49ea
    md5: 25dcccd4f80f1638428613e0d7c9b4e1
    depends:
      - __osx >=11.0
      - ca-certificates
    license: Apache-2.0
    license_family: Apache
    size: 3106008
    timestamp: 1775587972483
